
Microsoft Visual Studio Solution File, Format Version 12.00
# Visual Studio Version 16
VisualStudioVersion = 16.0.32228.343
MinimumVisualStudioVersion = 10.0.40219.1
Project("{FAE04EC0-301F-11D3-BF4B-00C04F79EFBC}") = "Bank-Account-Creation", "Bank-Account-Creation\Bank-Account-Creation.csproj", "{5C27233E-EF17-4EC7-B2F2-C8F6D260948E}"
EndProject
Global
	GlobalSection(SolutionConfigurationPlatforms) = preSolution
		Debug|Any CPU = Debug|Any CPU
		Release|Any CPU = Release|Any CPU
	EndGlobalSection
	GlobalSection(ProjectConfigurationPlatforms) = postSolution
		{5C27233E-EF17-4EC7-B2F2-C8F6D260948E}.Debug|Any CPU.ActiveCfg = Debug|Any CPU
		{5C27233E-EF17-4EC7-B2F2-C8F6D260948E}.Debug|Any CPU.Build.0 = Debug|Any CPU
		{5C27233E-EF17-4EC7-B2F2-C8F6D260948E}.Release|Any CPU.ActiveCfg = Release|Any CPU
		{5C27233E-EF17-4EC7-B2F2-C8F6D260948E}.Release|Any CPU.Build.0 = Release|Any CPU
	EndGlobalSection
	GlobalSection(SolutionProperties) = preSolution
		HideSolutionNode = FALSE
	EndGlobalSection
	GlobalSection(ExtensibilityGlobals) = postSolution
		SolutionGuid = {19284BD4-5476-4A04-9541-C0275A4C5501}
	EndGlobalSection
EndGlobal
